
Microsoft Visual Studio Solution File, Format Version 12.00
# Visual Studio Version 17
VisualStudioVersion = 17.4.33213.308
MinimumVisualStudioVersion = 10.0.40219.1
Project("{FAE04EC0-301F-11D3-BF4B-00C04F79EFBC}") = "opgave kørtøj", "opgave kørtøj\opgave kørtøj.csproj", "{D9735988-06E9-4061-9565-61EC72E6FBE8}"
EndProject
Project("{2150E333-8FDC-42A3-9474-1A3956D46DE8}") = "Solution Items", "Solution Items", "{ED20FDD9-59AD-4CAF-8E62-EE9D9CCC4E2E}"
	ProjectSection(SolutionItems) = preProject
		.editorconfig = .editorconfig
	EndProjectSection
EndProject
Global
	GlobalSection(SolutionConfigurationPlatforms) = preSolution
		Debug|Any CPU = Debug|Any CPU
		Release|Any CPU = Release|Any CPU
	EndGlobalSection
	GlobalSection(ProjectConfigurationPlatforms) = postSolution
		{D9735988-06E9-4061-9565-61EC72E6FBE8}.Debug|Any CPU.ActiveCfg = Debug|Any CPU
		{D9735988-06E9-4061-9565-61EC72E6FBE8}.Debug|Any CPU.Build.0 = Debug|Any CPU
		{D9735988-06E9-4061-9565-61EC72E6FBE8}.Release|Any CPU.ActiveCfg = Release|Any CPU
		{D9735988-06E9-4061-9565-61EC72E6FBE8}.Release|Any CPU.Build.0 = Release|Any CPU
	EndGlobalSection
	GlobalSection(SolutionProperties) = preSolution
		HideSolutionNode = FALSE
	EndGlobalSection
	GlobalSection(ExtensibilityGlobals) = postSolution
		SolutionGuid = {5A219DC6-26A6-4866-BCFA-2AD55F9CCEB6}
	EndGlobalSection
EndGlobal
